
Microsoft Visual Studio Solution File, Format Version 12.00
# Visual Studio Version 16
VisualStudioVersion = 16.0.31112.23
MinimumVisualStudioVersion = 10.0.40219.1
Project("{FAE04EC0-301F-11D3-BF4B-00C04F79EFBC}") = "inventarioIMG", "inventarioIMG\inventarioIMG.csproj", "{6FB4D0E9-2DB0-4904-8156-28034734B21F}"
EndProject
Global
	GlobalSection(SolutionConfigurationPlatforms) = preSolution
		Debug|Any CPU = Debug|Any CPU
		Release|Any CPU = Release|Any CPU
	EndGlobalSection
	GlobalSection(ProjectConfigurationPlatforms) = postSolution
		{6FB4D0E9-2DB0-4904-8156-28034734B21F}.Debug|Any CPU.ActiveCfg = Debug|Any CPU
		{6FB4D0E9-2DB0-4904-8156-28034734B21F}.Debug|Any CPU.Build.0 = Debug|Any CPU
		{6FB4D0E9-2DB0-4904-8156-28034734B21F}.Release|Any CPU.ActiveCfg = Release|Any CPU
		{6FB4D0E9-2DB0-4904-8156-28034734B21F}.Release|Any CPU.Build.0 = Release|Any CPU
	EndGlobalSection
	GlobalSection(SolutionProperties) = preSolution
		HideSolutionNode = FALSE
	EndGlobalSection
	GlobalSection(ExtensibilityGlobals) = postSolution
		SolutionGuid = {5B597949-6C2C-4CB7-B3AE-75C24BEE5379}
	EndGlobalSection
EndGlobal
